
Microsoft Visual Studio Solution File, Format Version 12.00
# Visual Studio Version 17
VisualStudioVersion = 17.0.31903.59
MinimumVisualStudioVersion = 10.0.40219.1
Project("{FAE04EC0-301F-11D3-BF4B-00C04F79EFBC}") = "BackendApi", "BackendApi.csproj", "{CB0968A3-A609-4CA6-90FE-05578045587E}"
EndProject
Project("{FAE04EC0-301F-11D3-BF4B-00C04F79EFBC}") = "BackendApi.Tests", "BackendApi.Tests\BackendApi.Tests.csproj", "{5A00FC74-4479-4262-8DA9-469F7B1E32AE}"
EndProject
Project("{2150E333-8FDC-42A3-9474-1A3956D46DE8}") = "src", "src", "{827E0CD3-B72D-47B6-A68D-7590B98EB39B}"
EndProject
Project("{FAE04EC0-301F-11D3-BF4B-00C04F79EFBC}") = "BackendApi", "src\BackendApi.csproj", "{28969105-02CA-42AB-A660-73201F209781}"
EndProject
Project("{FAE04EC0-301F-11D3-BF4B-00C04F79EFBC}") = "BackendApi.Tests", "tests\BackendApi.Tests\BackendApi.Tests.csproj", "{37476605-D781-4367-AD66-594F77CBD96C}"
EndProject
Global
	GlobalSection(SolutionConfigurationPlatforms) = preSolution
		Debug|Any CPU = Debug|Any CPU
		Debug|x64 = Debug|x64
		Debug|x86 = Debug|x86
		Release|Any CPU = Release|Any CPU
		Release|x64 = Release|x64
		Release|x86 = Release|x86
	EndGlobalSection
	GlobalSection(ProjectConfigurationPlatforms) = postSolution
		{CB0968A3-A609-4CA6-90FE-05578045587E}.Debug|Any CPU.ActiveCfg = Debug|Any CPU
		{CB0968A3-A609-4CA6-90FE-05578045587E}.Debug|Any CPU.Build.0 = Debug|Any CPU
		{CB0968A3-A609-4CA6-90FE-05578045587E}.Debug|x64.ActiveCfg = Debug|Any CPU
		{CB0968A3-A609-4CA6-90FE-05578045587E}.Debug|x64.Build.0 = Debug|Any CPU
		{CB0968A3-A609-4CA6-90FE-05578045587E}.Debug|x86.ActiveCfg = Debug|Any CPU
		{CB0968A3-A609-4CA6-90FE-05578045587E}.Debug|x86.Build.0 = Debug|Any CPU
		{CB0968A3-A609-4CA6-90FE-05578045587E}.Release|Any CPU.ActiveCfg = Release|Any CPU
		{CB0968A3-A609-4CA6-90FE-05578045587E}.Release|Any CPU.Build.0 = Release|Any CPU
		{CB0968A3-A609-4CA6-90FE-05578045587E}.Release|x64.ActiveCfg = Release|Any CPU
		{CB0968A3-A609-4CA6-90FE-05578045587E}.Release|x64.Build.0 = Release|Any CPU
		{CB0968A3-A609-4CA6-90FE-05578045587E}.Release|x86.ActiveCfg = Release|Any CPU
		{CB0968A3-A609-4CA6-90FE-05578045587E}.Release|x86.Build.0 = Release|Any CPU
		{5A00FC74-4479-4262-8DA9-469F7B1E32AE}.Debug|Any CPU.ActiveCfg = Debug|Any CPU
		{5A00FC74-4479-4262-8DA9-469F7B1E32AE}.Debug|Any CPU.Build.0 = Debug|Any CPU
		{5A00FC74-4479-4262-8DA9-469F7B1E32AE}.Debug|x64.ActiveCfg = Debug|Any CPU
		{5A00FC74-4479-4262-8DA9-469F7B1E32AE}.Debug|x64.Build.0 = Debug|Any CPU
		{5A00FC74-4479-4262-8DA9-469F7B1E32AE}.Debug|x86.ActiveCfg = Debug|Any CPU
		{5A00FC74-4479-4262-8DA9-469F7B1E32AE}.Debug|x86.Build.0 = Debug|Any CPU
		{5A00FC74-4479-4262-8DA9-469F7B1E32AE}.Release|Any CPU.ActiveCfg = Release|Any CPU
		{5A00FC74-4479-4262-8DA9-469F7B1E32AE}.Release|Any CPU.Build.0 = Release|Any CPU
		{5A00FC74-4479-4262-8DA9-469F7B1E32AE}.Release|x64.ActiveCfg = Release|Any CPU
		{5A00FC74-4479-4262-8DA9-469F7B1E32AE}.Release|x64.Build.0 = Release|Any CPU
		{5A00FC74-4479-4262-8DA9-469F7B1E32AE}.Release|x86.ActiveCfg = Release|Any CPU
		{5A00FC74-4479-4262-8DA9-469F7B1E32AE}.Release|x86.Build.0 = Release|Any CPU
		{28969105-02CA-42AB-A660-73201F209781}.Debug|Any CPU.ActiveCfg = Debug|Any CPU
		{28969105-02CA-42AB-A660-73201F209781}.Debug|Any CPU.Build.0 = Debug|Any CPU
		{28969105-02CA-42AB-A660-73201F209781}.Debug|x64.ActiveCfg = Debug|Any CPU
		{28969105-02CA-42AB-A660-73201F209781}.Debug|x64.Build.0 = Debug|Any CPU
		{28969105-02CA-42AB-A660-73201F209781}.Debug|x86.ActiveCfg = Debug|Any CPU
		{28969105-02CA-42AB-A660-73201F209781}.Debug|x86.Build.0 = Debug|Any CPU
		{28969105-02CA-42AB-A660-73201F209781}.Release|Any CPU.ActiveCfg = Release|Any CPU
		{28969105-02CA-42AB-A660-73201F209781}.Release|Any CPU.Build.0 = Release|Any CPU
		{28969105-02CA-42AB-A660-73201F209781}.Release|x64.ActiveCfg = Release|Any CPU
		{28969105-02CA-42AB-A660-73201F209781}.Release|x64.Build.0 = Release|Any CPU
		{28969105-02CA-42AB-A660-73201F209781}.Release|x86.ActiveCfg = Release|Any CPU
		{28969105-02CA-42AB-A660-73201F209781}.Release|x86.Build.0 = Release|Any CPU
		{37476605-D781-4367-AD66-594F77CBD96C}.Debug|Any CPU.ActiveCfg = Debug|Any CPU
		{37476605-D781-4367-AD66-594F77CBD96C}.Debug|Any CPU.Build.0 = Debug|Any CPU
		{37476605-D781-4367-AD66-594F77CBD96C}.Debug|x64.ActiveCfg = Debug|Any CPU
		{37476605-D781-4367-AD66-594F77CBD96C}.Debug|x64.Build.0 = Debug|Any CPU
		{37476605-D781-4367-AD66-594F77CBD96C}.Debug|x86.ActiveCfg = Debug|Any CPU
		{37476605-D781-4367-AD66-594F77CBD96C}.Debug|x86.Build.0 = Debug|Any CPU
		{37476605-D781-4367-AD66-594F77CBD96C}.Release|Any CPU.ActiveCfg = Release|Any CPU
		{37476605-D781-4367-AD66-594F77CBD96C}.Release|Any CPU.Build.0 = Release|Any CPU
		{37476605-D781-4367-AD66-594F77CBD96C}.Release|x64.ActiveCfg = Release|Any CPU
		{37476605-D781-4367-AD66-594F77CBD96C}.Release|x64.Build.0 = Release|Any CPU
		{37476605-D781-4367-AD66-594F77CBD96C}.Release|x86.ActiveCfg = Release|Any CPU
		{37476605-D781-4367-AD66-594F77CBD96C}.Release|x86.Build.0 = Release|Any CPU
	EndGlobalSection
	GlobalSection(SolutionProperties) = preSolution
		HideSolutionNode = FALSE
	EndGlobalSection
	GlobalSection(NestedProjects) = preSolution
		{28969105-02CA-42AB-A660-73201F209781} = {827E0CD3-B72D-47B6-A68D-7590B98EB39B}
		{37476605-D781-4367-AD66-594F77CBD96C} = {827E0CD3-B72D-47B6-A68D-7590B98EB39B}
	EndGlobalSection
EndGlobal
